
Microsoft Visual Studio Solution File, Format Version 12.00
# Visual Studio Version 16
VisualStudioVersion = 16.0.30114.105
MinimumVisualStudioVersion = 10.0.40219.1
Project("{FAE04EC0-301F-11D3-BF4B-00C04F79EFBC}") = "HaloBasicProgramming", "HaloBasicProgramming.csproj", "{50F0BBE1-5970-401D-A707-0289CF9B0AC2}"
EndProject
Project("{FAE04EC0-301F-11D3-BF4B-00C04F79EFBC}") = "HaloBasicTests", "HaloBasicTests\HaloBasicTests.csproj", "{1C792404-44B3-4877-ADEB-587D4D17E1BF}"
EndProject
Global
	GlobalSection(SolutionConfigurationPlatforms) = preSolution
		Debug|Any CPU = Debug|Any CPU
		Release|Any CPU = Release|Any CPU
	EndGlobalSection
	GlobalSection(ProjectConfigurationPlatforms) = postSolution
		{50F0BBE1-5970-401D-A707-0289CF9B0AC2}.Debug|Any CPU.ActiveCfg = Debug|Any CPU
		{50F0BBE1-5970-401D-A707-0289CF9B0AC2}.Debug|Any CPU.Build.0 = Debug|Any CPU
		{50F0BBE1-5970-401D-A707-0289CF9B0AC2}.Release|Any CPU.ActiveCfg = Release|Any CPU
		{50F0BBE1-5970-401D-A707-0289CF9B0AC2}.Release|Any CPU.Build.0 = Release|Any CPU
		{1C792404-44B3-4877-ADEB-587D4D17E1BF}.Debug|Any CPU.ActiveCfg = Debug|Any CPU
		{1C792404-44B3-4877-ADEB-587D4D17E1BF}.Debug|Any CPU.Build.0 = Debug|Any CPU
		{1C792404-44B3-4877-ADEB-587D4D17E1BF}.Release|Any CPU.ActiveCfg = Release|Any CPU
		{1C792404-44B3-4877-ADEB-587D4D17E1BF}.Release|Any CPU.Build.0 = Release|Any CPU
	EndGlobalSection
	GlobalSection(SolutionProperties) = preSolution
		HideSolutionNode = FALSE
	EndGlobalSection
	GlobalSection(ExtensibilityGlobals) = postSolution
		SolutionGuid = {3D29F4BF-6122-4487-9CF6-6B1BF203B260}
	EndGlobalSection
EndGlobal
